
Microsoft Visual Studio Solution File, Format Version 12.00
# Visual Studio Version 17
VisualStudioVersion = 17.9.34622.214
MinimumVisualStudioVersion = 10.0.40219.1
Project("{8BC9CEB8-8B4A-11D0-8D11-00A0C91BC942}") = "Project1", "Project1\Project1.vcxproj", "{B0916284-4A23-421B-AA9E-2A58357760DD}"
EndProject
Global
	GlobalSection(SolutionConfigurationPlatforms) = preSolution
		Debug|x64 = Debug|x64
		Debug|x86 = Debug|x86
		Release|x64 = Release|x64
		Release|x86 = Release|x86
	EndGlobalSection
	GlobalSection(ProjectConfigurationPlatforms) = postSolution
		{B0916284-4A23-421B-AA9E-2A58357760DD}.Debug|x64.ActiveCfg = Debug|x64
		{B0916284-4A23-421B-AA9E-2A58357760DD}.Debug|x64.Build.0 = Debug|x64
		{B0916284-4A23-421B-AA9E-2A58357760DD}.Debug|x86.ActiveCfg = Debug|Win32
		{B0916284-4A23-421B-AA9E-2A58357760DD}.Debug|x86.Build.0 = Debug|Win32
		{B0916284-4A23-421B-AA9E-2A58357760DD}.Release|x64.ActiveCfg = Release|x64
		{B0916284-4A23-421B-AA9E-2A58357760DD}.Release|x64.Build.0 = Release|x64
		{B0916284-4A23-421B-AA9E-2A58357760DD}.Release|x86.ActiveCfg = Release|Win32
		{B0916284-4A23-421B-AA9E-2A58357760DD}.Release|x86.Build.0 = Release|Win32
	EndGlobalSection
	GlobalSection(SolutionProperties) = preSolution
		HideSolutionNode = FALSE
	EndGlobalSection
	GlobalSection(ExtensibilityGlobals) = postSolution
		SolutionGuid = {91CAB39C-93E6-44EB-83CE-C633FF4A0804}
	EndGlobalSection
EndGlobal
